<Solution>
  <Folder Name="/src/">
    <Project Path="src/DVRTool.App/DVRTool.App.csproj" />
    <Project Path="src/DVRTool.Cli/DVRTool.Cli.csproj" />
    <Project Path="src/DVRTool.Core/DVRTool.Core.csproj" />
    <Project Path="src/DVRTool.Render.D3D11/DVRTool.Render.D3D11.csproj" />
    <Project Path="src/DVRTool.Vendors.Dahua/DVRTool.Vendors.Dahua.csproj" />
    <Project Path="src/DVRTool.Vendors.Hikvision/DVRTool.Vendors.Hikvision.csproj" />
    <Project Path="src/DVRTool.Vendors.HikvisionAccess/DVRTool.Vendors.HikvisionAccess.csproj" />
    <Project Path="src/DVRTool.Vendors.HikvisionIvms/DVRTool.Vendors.HikvisionIvms.csproj" />
    <Project Path="src/DVRTool.Vendors.HikvisionSdk/DVRTool.Vendors.HikvisionSdk.csproj" />
    <Project Path="src/DVRTool.Vendors.NxWitness/DVRTool.Vendors.NxWitness.csproj" />
  </Folder>
  <Folder Name="/tests/">
    <Project Path="tests/DVRTool.Tests/DVRTool.Tests.csproj" />
  </Folder>
</Solution>
